// !$*UTF8*$!
{
	archiveVersion = 1;
	classes = {
	};
	objectVersion = 56;
	objects = {

/* Begin PBXBuildFile section */
		DC2B87BC2A7C2EF50033F8FE /* AppDelegate.swift in Sources */ = {isa = PBXBuildFile; fileRef = DC2B87BB2A7C2EF50033F8FE /* AppDelegate.swift */; };
		DC2B87BE2A7C2EF50033F8FE /* SceneDelegate.swift in Sources */ = {isa = PBXBuildFile; fileRef = DC2B87BD2A7C2EF50033F8FE /* SceneDelegate.swift */; };
		DC2B87C32A7C2EF50033F8FE /* Main.storyboard in Resources */ = {isa = PBXBuildFile; fileRef = DC2B87C12A7C2EF50033F8FE /* Main.storyboard */; };
		DC2B87C52A7C2EF70033F8FE /* Assets.xcassets in Resources */ = {isa = PBXBuildFile; fileRef = DC2B87C42A7C2EF70033F8FE /* Assets.xcassets */; };
		DC2B87C82A7C2EF70033F8FE /* LaunchScreen.storyboard in Resources */ = {isa = PBXBuildFile; fileRef = DC2B87C62A7C2EF70033F8FE /* LaunchScreen.storyboard */; };
		DC2B87D22A7C37D20033F8FE /* AddNewRequestTableViewController.swift in Sources */ = {isa = PBXBuildFile; fileRef = DC2B87D12A7C37D20033F8FE /* AddNewRequestTableViewController.swift */; };
		DC2B87D92A7C46220033F8FE /* NetworkController.swift in Sources */ = {isa = PBXBuildFile; fileRef = DC2B87D82A7C46220033F8FE /* NetworkController.swift */; };
		DC2B87DB2A7C46350033F8FE /* URLExtension.swift in Sources */ = {isa = PBXBuildFile; fileRef = DC2B87DA2A7C46350033F8FE /* URLExtension.swift */; };
		DC2B87DD2A7C4AD30033F8FE /* PhotoInfo.swift in Sources */ = {isa = PBXBuildFile; fileRef = DC2B87DC2A7C4AD30033F8FE /* PhotoInfo.swift */; };
		DC88ADCA2A7EC47100CD06D8 /* DetailViewController.swift in Sources */ = {isa = PBXBuildFile; fileRef = DC88ADC92A7EC47100CD06D8 /* DetailViewController.swift */; };
		DC952B3A2A7D21640030114A /* APODTableViewController.swift in Sources */ = {isa = PBXBuildFile; fileRef = DC952B392A7D21640030114A /* APODTableViewController.swift */; };
		DC952B3C2A7D26570030114A /* PhotoInfoTableViewCell.swift in Sources */ = {isa = PBXBuildFile; fileRef = DC952B3B2A7D26570030114A /* PhotoInfoTableViewCell.swift */; };
/* End PBXBuildFile section */

/* Begin PBXFileReference section */
		DC2B87B82A7C2EF50033F8FE /* Astronomy Photos.app */ = {isa = PBXFileReference; explicitFileType = wrapper.application; includeInIndex = 0; path = "Astronomy Photos.app"; sourceTree = BUILT_PRODUCTS_DIR; };
		DC2B87BB2A7C2EF50033F8FE /* AppDelegate.swift */ = {isa = PBXFileReference; lastKnownFileType = sourcecode.swift; path = AppDelegate.swift; sourceTree = "<group>"; };
		DC2B87BD2A7C2EF50033F8FE /* SceneDelegate.swift */ = {isa = PBXFileReference; lastKnownFileType = sourcecode.swift; path = SceneDelegate.swift; sourceTree = "<group>"; };
		DC2B87C22A7C2EF50033F8FE /* Base */ = {isa = PBXFileReference; lastKnownFileType = file.storyboard; name = Base; path = Base.lproj/Main.storyboard; sourceTree = "<group>"; };
		DC2B87C42A7C2EF70033F8FE /* Assets.xcassets */ = {isa = PBXFileReference; lastKnownFileType = folder.assetcatalog; path = Assets.xcassets; sourceTree = "<group>"; };
		DC2B87C72A7C2EF70033F8FE /* Base */ = {isa = PBXFileReference; lastKnownFileType = file.storyboard; name = Base; path = Base.lproj/LaunchScreen.storyboard; sourceTree = "<group>"; };
		DC2B87C92A7C2EF70033F8FE /* Info.plist */ = {isa = PBXFileReference; lastKnownFileType = text.plist.xml; path = Info.plist; sourceTree = "<group>"; };
		DC2B87D12A7C37D20033F8FE /* AddNewRequestTableViewController.swift */ = {isa = PBXFileReference; lastKnownFileType = sourcecode.swift; path = AddNewRequestTableViewController.swift; sourceTree = "<group>"; };
		DC2B87D82A7C46220033F8FE /* NetworkController.swift */ = {isa = PBXFileReference; lastKnownFileType = sourcecode.swift; path = NetworkController.swift; sourceTree = "<group>"; };
		DC2B87DA2A7C46350033F8FE /* URLExtension.swift */ = {isa = PBXFileReference; lastKnownFileType = sourcecode.swift; path = URLExtension.swift; sourceTree = "<group>"; };
		DC2B87DC2A7C4AD30033F8FE /* PhotoInfo.swift */ = {isa = PBXFileReference; lastKnownFileType = sourcecode.swift; path = PhotoInfo.swift; sourceTree = "<group>"; };
		DC88ADC92A7EC47100CD06D8 /* DetailViewController.swift */ = {isa = PBXFileReference; lastKnownFileType = sourcecode.swift; path = DetailViewController.swift; sourceTree = "<group>"; };
		DC952B392A7D21640030114A /* APODTableViewController.swift */ = {isa = PBXFileReference; lastKnownFileType = sourcecode.swift; path = APODTableViewController.swift; sourceTree = "<group>"; };
		DC952B3B2A7D26570030114A /* PhotoInfoTableViewCell.swift */ = {isa = PBXFileReference; lastKnownFileType = sourcecode.swift; path = PhotoInfoTableViewCell.swift; sourceTree = "<group>"; };
/* End PBXFileReference section */

/* Begin PBXFrameworksBuildPhase section */
		DC2B87B52A7C2EF50033F8FE /* Frameworks */ = {
			isa = PBXFrameworksBuildPhase;
			buildActionMask = 2147483647;
			files = (
			);
			runOnlyForDeploymentPostprocessing = 0;
		};
/* End PBXFrameworksBuildPhase section */

/* Begin PBXGroup section */
		DC2B87AF2A7C2EF50033F8FE = {
			isa = PBXGroup;
			children = (
				DC2B87BA2A7C2EF50033F8FE /* Astronomy Photos */,
				DC2B87B92A7C2EF50033F8FE /* Products */,
			);
			sourceTree = "<group>";
		};
		DC2B87B92A7C2EF50033F8FE /* Products */ = {
			isa = PBXGroup;
			children = (
				DC2B87B82A7C2EF50033F8FE /* Astronomy Photos.app */,
			);
			name = Products;
			sourceTree = "<group>";
		};
		DC2B87BA2A7C2EF50033F8FE /* Astronomy Photos */ = {
			isa = PBXGroup;
			children = (
				DC2B87D72A7C460B0033F8FE /* Network */,
				DC2B87D42A7C43530033F8FE /* Model */,
				DC2B87D32A7C43460033F8FE /* View */,
				DC2B87BB2A7C2EF50033F8FE /* AppDelegate.swift */,
				DC2B87BD2A7C2EF50033F8FE /* SceneDelegate.swift */,
				DC2B87C12A7C2EF50033F8FE /* Main.storyboard */,
				DC2B87C42A7C2EF70033F8FE /* Assets.xcassets */,
				DC2B87C62A7C2EF70033F8FE /* LaunchScreen.storyboard */,
				DC2B87C92A7C2EF70033F8FE /* Info.plist */,
			);
			path = "Astronomy Photos";
			sourceTree = "<group>";
		};
		DC2B87D32A7C43460033F8FE /* View */ = {
			isa = PBXGroup;
			children = (
				DC2B87D12A7C37D20033F8FE /* AddNewRequestTableViewController.swift */,
				DC952B392A7D21640030114A /* APODTableViewController.swift */,
				DC952B3B2A7D26570030114A /* PhotoInfoTableViewCell.swift */,
				DC88ADC92A7EC47100CD06D8 /* DetailViewController.swift */,
			);
			path = View;
			sourceTree = "<group>";
		};
		DC2B87D42A7C43530033F8FE /* Model */ = {
			isa = PBXGroup;
			children = (
				DC2B87DC2A7C4AD30033F8FE /* PhotoInfo.swift */,
			);
			path = Model;
			sourceTree = "<group>";
		};
		DC2B87D72A7C460B0033F8FE /* Network */ = {
			isa = PBXGroup;
			children = (
				DC2B87D82A7C46220033F8FE /* NetworkController.swift */,
				DC2B87DA2A7C46350033F8FE /* URLExtension.swift */,
			);
			path = Network;
			sourceTree = "<group>";
		};
/* End PBXGroup section */

/* Begin PBXNativeTarget section */
		DC2B87B72A7C2EF50033F8FE /* Astronomy Photos */ = {
			isa = PBXNativeTarget;
			buildConfigurationList = DC2B87CC2A7C2EF70033F8FE /* Build configuration list for PBXNativeTarget "Astronomy Photos" */;
			buildPhases = (
				DC2B87B42A7C2EF50033F8FE /* Sources */,
				DC2B87B52A7C2EF50033F8FE /* Frameworks */,
				DC2B87B62A7C2EF50033F8FE /* Resources */,
			);
			buildRules = (
			);
			dependencies = (
			);
			name = "Astronomy Photos";
			productName = "Astronomy Photos";
			productReference = DC2B87B82A7C2EF50033F8FE /* Astronomy Photos.app */;
			productType = "com.apple.product-type.application";
		};
/* End PBXNativeTarget section */

/* Begin PBXProject section */
		DC2B87B02A7C2EF50033F8FE /* Project object */ = {
			isa = PBXProject;
			attributes = {
				BuildIndependentTargetsInParallel = 1;
				LastSwiftUpdateCheck = 1420;
				LastUpgradeCheck = 1420;
				TargetAttributes = {
					DC2B87B72A7C2EF50033F8FE = {
						CreatedOnToolsVersion = 14.2;
					};
				};
			};
			buildConfigurationList = DC2B87B32A7C2EF50033F8FE /* Build configuration list for PBXProject "Astronomy Photos" */;
			compatibilityVersion = "Xcode 14.0";
			developmentRegion = en;
			hasScannedForEncodings = 0;
			knownRegions = (
				en,
				Base,
			);
			mainGroup = DC2B87AF2A7C2EF50033F8FE;
			productRefGroup = DC2B87B92A7C2EF50033F8FE /* Products */;
			projectDirPath = "";
			projectRoot = "";
			targets = (
				DC2B87B72A7C2EF50033F8FE /* Astronomy Photos */,
			);
		};
/* End PBXProject section */

/* Begin PBXResourcesBuildPhase section */
		DC2B87B62A7C2EF50033F8FE /* Resources */ = {
			isa = PBXResourcesBuildPhase;
			buildActionMask = 2147483647;
			files = (
				DC2B87C82A7C2EF70033F8FE /* LaunchScreen.storyboard in Resources */,
				DC2B87C52A7C2EF70033F8FE /* Assets.xcassets in Resources */,
				DC2B87C32A7C2EF50033F8FE /* Main.storyboard in Resources */,
			);
			runOnlyForDeploymentPostprocessing = 0;
		};
/* End PBXResourcesBuildPhase section */

/* Begin PBXSourcesBuildPhase section */
		DC2B87B42A7C2EF50033F8FE /* Sources */ = {
			isa = PBXSourcesBuildPhase;
			buildActionMask = 2147483647;
			files = (
				DC2B87DD2A7C4AD30033F8FE /* PhotoInfo.swift in Sources */,
				DC2B87DB2A7C46350033F8FE /* URLExtension.swift in Sources */,
				DC2B87D92A7C46220033F8FE /* NetworkController.swift in Sources */,
				DC2B87D22A7C37D20033F8FE /* AddNewRequestTableViewController.swift in Sources */,
				DC952B3A2A7D21640030114A /* APODTableViewController.swift in Sources */,
				DC2B87BC2A7C2EF50033F8FE /* AppDelegate.swift in Sources */,
				DC88ADCA2A7EC47100CD06D8 /* DetailViewController.swift in Sources */,
				DC2B87BE2A7C2EF50033F8FE /* SceneDelegate.swift in Sources */,
				DC952B3C2A7D26570030114A /* PhotoInfoTableViewCell.swift in Sources */,
			);
			runOnlyForDeploymentPostprocessing = 0;
		};
/* End PBXSourcesBuildPhase section */

/* Begin PBXVariantGroup section */
		DC2B87C12A7C2EF50033F8FE /* Main.storyboard */ = {
			isa = PBXVariantGroup;
			children = (
				DC2B87C22A7C2EF50033F8FE /* Base */,
			);
			name = Main.storyboard;
			sourceTree = "<group>";
		};
		DC2B87C62A7C2EF70033F8FE /* LaunchScreen.storyboard */ = {
			isa = PBXVariantGroup;
			children = (
				DC2B87C72A7C2EF70033F8FE /* Base */,
			);
			name = LaunchScreen.storyboard;
			sourceTree = "<group>";
		};
/* End PBXVariantGroup section */

/* Begin XCBuildConfiguration section */
		DC2B87CA2A7C2EF70033F8FE /* Debug */ = {
			isa = XCBuildConfiguration;
			buildSettings = {
				ALWAYS_SEARCH_USER_PATHS = NO;
				CLANG_ANALYZER_NONNULL = YES;
				CLANG_ANALYZER_NUMBER_OBJECT_CONVERSION = YES_AGGRESSIVE;
				CLANG_CXX_LANGUAGE_STANDARD = "gnu++20";
				CLANG_ENABLE_MODULES = YES;
				CLANG_ENABLE_OBJC_ARC = YES;
				CLANG_ENABLE_OBJC_WEAK = YES;
				CLANG_WARN_BLOCK_CAPTURE_AUTORELEASING = YES;
				CLANG_WARN_BOOL_CONVERSION = YES;
				CLANG_WARN_COMMA = YES;
				CLANG_WARN_CONSTANT_CONVERSION = YES;
				CLANG_WARN_DEPRECATED_OBJC_IMPLEMENTATIONS = YES;
				CLANG_WARN_DIRECT_OBJC_ISA_USAGE = YES_ERROR;
				CLANG_WARN_DOCUMENTATION_COMMENTS = YES;
				CLANG_WARN_EMPTY_BODY = YES;
				CLANG_WARN_ENUM_CONVERSION = YES;
				CLANG_WARN_INFINITE_RECURSION = YES;
				CLANG_WARN_INT_CONVERSION = YES;
				CLANG_WARN_NON_LITERAL_NULL_CONVERSION = YES;
				CLANG_WARN_OBJC_IMPLICIT_RETAIN_SELF = YES;
				CLANG_WARN_OBJC_LITERAL_CONVERSION = YES;
				CLANG_WARN_OBJC_ROOT_CLASS = YES_ERROR;
				CLANG_WARN_QUOTED_INCLUDE_IN_FRAMEWORK_HEADER = YES;
				CLANG_WARN_RANGE_LOOP_ANALYSIS = YES;
				CLANG_WARN_STRICT_PROTOTYPES = YES;
				CLANG_WARN_SUSPICIOUS_MOVE = YES;
				CLANG_WARN_UNGUARDED_AVAILABILITY = YES_AGGRESSIVE;
				CLANG_WARN_UNREACHABLE_CODE = YES;
				CLANG_WARN__DUPLICATE_METHOD_MATCH = YES;
				COPY_PHASE_STRIP = NO;
				DEBUG_INFORMATION_FORMAT = dwarf;
				ENABLE_STRICT_OBJC_MSGSEND = YES;
				ENABLE_TESTABILITY = YES;
				GCC_C_LANGUAGE_STANDARD = gnu11;
				GCC_DYNAMIC_NO_PIC = NO;
				GCC_NO_COMMON_BLOCKS = YES;
				GCC_OPTIMIZATION_LEVEL = 0;
				GCC_PREPROCESSOR_DEFINITIONS = (
					"DEBUG=1",
					"$(inherited)",
				);
				GCC_WARN_64_TO_32_BIT_CONVERSION = YES;
				GCC_WARN_ABOUT_RETURN_TYPE = YES_ERROR;
				GCC_WARN_UNDECLARED_SELECTOR = YES;
				GCC_WARN_UNINITIALIZED_AUTOS = YES_AGGRESSIVE;
				GCC_WARN_UNUSED_FUNCTION = YES;
				GCC_WARN_UNUSED_VARIABLE = YES;
				IPHONEOS_DEPLOYMENT_TARGET = 16.2;
				MTL_ENABLE_DEBUG_INFO = INCLUDE_SOURCE;
				MTL_FAST_MATH = YES;
				ONLY_ACTIVE_ARCH = YES;
				SDKROOT = iphoneos;
				SWIFT_ACTIVE_COMPILATION_CONDITIONS = DEBUG;
				SWIFT_OPTIMIZATION_LEVEL = "-Onone";
			};
			name = Debug;
		};
		DC2B87CB2A7C2EF70033F8FE /* Release */ = {
			isa = XCBuildConfiguration;
			buildSettings = {
				ALWAYS_SEARCH_USER_PATHS = NO;
				CLANG_ANALYZER_NONNULL = YES;
				CLANG_ANALYZER_NUMBER_OBJECT_CONVERSION = YES_AGGRESSIVE;
				CLANG_CXX_LANGUAGE_STANDARD = "gnu++20";
				CLANG_ENABLE_MODULES = YES;
				CLANG_ENABLE_OBJC_ARC = YES;
				CLANG_ENABLE_OBJC_WEAK = YES;
				CLANG_WARN_BLOCK_CAPTURE_AUTORELEASING = YES;
				CLANG_WARN_BOOL_CONVERSION = YES;
				CLANG_WARN_COMMA = YES;
				CLANG_WARN_CONSTANT_CONVERSION = YES;
				CLANG_WARN_DEPRECATED_OBJC_IMPLEMENTATIONS = YES;
				CLANG_WARN_DIRECT_OBJC_ISA_USAGE = YES_ERROR;
				CLANG_WARN_DOCUMENTATION_COMMENTS = YES;
				CLANG_WARN_EMPTY_BODY = YES;
				CLANG_WARN_ENUM_CONVERSION = YES;
				CLANG_WARN_INFINITE_RECURSION = YES;
				CLANG_WARN_INT_CONVERSION = YES;
				CLANG_WARN_NON_LITERAL_NULL_CONVERSION = YES;
				CLANG_WARN_OBJC_IMPLICIT_RETAIN_SELF = YES;
				CLANG_WARN_OBJC_LITERAL_CONVERSION = YES;
				CLANG_WARN_OBJC_ROOT_CLASS = YES_ERROR;
				CLANG_WARN_QUOTED_INCLUDE_IN_FRAMEWORK_HEADER = YES;
				CLANG_WARN_RANGE_LOOP_ANALYSIS = YES;
				CLANG_WARN_STRICT_PROTOTYPES = YES;
				CLANG_WARN_SUSPICIOUS_MOVE = YES;
				CLANG_WARN_UNGUARDED_AVAILABILITY = YES_AGGRESSIVE;
				CLANG_WARN_UNREACHABLE_CODE = YES;
				CLANG_WARN__DUPLICATE_METHOD_MATCH = YES;
				COPY_PHASE_STRIP = NO;
				DEBUG_INFORMATION_FORMAT = "dwarf-with-dsym";
				ENABLE_NS_ASSERTIONS = NO;
				ENABLE_STRICT_OBJC_MSGSEND = YES;
				GCC_C_LANGUAGE_STANDARD = gnu11;
				GCC_NO_COMMON_BLOCKS = YES;
				GCC_WARN_64_TO_32_BIT_CONVERSION = YES;
				GCC_WARN_ABOUT_RETURN_TYPE = YES_ERROR;
				GCC_WARN_UNDECLARED_SELECTOR = YES;
				GCC_WARN_UNINITIALIZED_AUTOS = YES_AGGRESSIVE;
				GCC_WARN_UNUSED_FUNCTION = YES;
				GCC_WARN_UNUSED_VARIABLE = YES;
				IPHONEOS_DEPLOYMENT_TARGET = 16.2;
				MTL_ENABLE_DEBUG_INFO = NO;
				MTL_FAST_MATH = YES;
				SDKROOT = iphoneos;
				SWIFT_COMPILATION_MODE = wholemodule;
				SWIFT_OPTIMIZATION_LEVEL = "-O";
				VALIDATE_PRODUCT = YES;
			};
			name = Release;
		};
		DC2B87CD2A7C2EF70033F8FE /* Debug */ = {
			isa = XCBuildConfiguration;
			buildSettings = {
				ASSETCATALOG_COMPILER_APPICON_NAME = AppIcon;
				ASSETCATALOG_COMPILER_GLOBAL_ACCENT_COLOR_NAME = AccentColor;
				CODE_SIGN_STYLE = Automatic;
				CURRENT_PROJECT_VERSION = 1;
				DEVELOPMENT_TEAM = 2T92S97VBM;
				GENERATE_INFOPLIST_FILE = YES;
				INFOPLIST_FILE = "Astronomy Photos/Info.plist";
				INFOPLIST_KEY_UIApplicationSupportsIndirectInputEvents = YES;
				INFOPLIST_KEY_UILaunchStoryboardName = LaunchScreen;
				INFOPLIST_KEY_UIMainStoryboardFile = Main;
				INFOPLIST_KEY_UISupportedInterfaceOrientations_iPad = "UIInterfaceOrientationPortrait UIInterfaceOrientationPortraitUpsideDown UIInterfaceOrientationLandscapeLeft UIInterfaceOrientationLandscapeRight";
				INFOPLIST_KEY_UISupportedInterfaceOrientations_iPhone = "UIInterfaceOrientationPortrait UIInterfaceOrientationLandscapeLeft UIInterfaceOrientationLandscapeRight";
				IPHONEOS_DEPLOYMENT_TARGET = 16.0;
				LD_RUNPATH_SEARCH_PATHS = (
					"$(inherited)",
					"@executable_path/Frameworks",
				);
				MARKETING_VERSION = 1.0;
				PRODUCT_BUNDLE_IDENTIFIER = "com.furkanceylan.Astronomy-Photos";
				PRODUCT_NAME = "$(TARGET_NAME)";
				SWIFT_EMIT_LOC_STRINGS = YES;
				SWIFT_VERSION = 5.0;
				TARGETED_DEVICE_FAMILY = "1,2";
			};
			name = Debug;
		};
		DC2B87CE2A7C2EF70033F8FE /* Release */ = {
			isa = XCBuildConfiguration;
			buildSettings = {
				ASSETCATALOG_COMPILER_APPICON_NAME = AppIcon;
				ASSETCATALOG_COMPILER_GLOBAL_ACCENT_COLOR_NAME = AccentColor;
				CODE_SIGN_STYLE = Automatic;
				CURRENT_PROJECT_VERSION = 1;
				DEVELOPMENT_TEAM = 2T92S97VBM;
				GENERATE_INFOPLIST_FILE = YES;
				INFOPLIST_FILE = "Astronomy Photos/Info.plist";
				INFOPLIST_KEY_UIApplicationSupportsIndirectInputEvents = YES;
				INFOPLIST_KEY_UILaunchStoryboardName = LaunchScreen;
				INFOPLIST_KEY_UIMainStoryboardFile = Main;
				INFOPLIST_KEY_UISupportedInterfaceOrientations_iPad = "UIInterfaceOrientationPortrait UIInterfaceOrientationPortraitUpsideDown UIInterfaceOrientationLandscapeLeft UIInterfaceOrientationLandscapeRight";
				INFOPLIST_KEY_UISupportedInterfaceOrientations_iPhone = "UIInterfaceOrientationPortrait UIInterfaceOrientationLandscapeLeft UIInterfaceOrientationLandscapeRight";
				IPHONEOS_DEPLOYMENT_TARGET = 16.0;
				LD_RUNPATH_SEARCH_PATHS = (
					"$(inherited)",
					"@executable_path/Frameworks",
				);
				MARKETING_VERSION = 1.0;
				PRODUCT_BUNDLE_IDENTIFIER = "com.furkanceylan.Astronomy-Photos";
				PRODUCT_NAME = "$(TARGET_NAME)";
				SWIFT_EMIT_LOC_STRINGS = YES;
				SWIFT_VERSION = 5.0;
				TARGETED_DEVICE_FAMILY = "1,2";
			};
			name = Release;
		};
/* End XCBuildConfiguration section */

/* Begin XCConfigurationList section */
		DC2B87B32A7C2EF50033F8FE /* Build configuration list for PBXProject "Astronomy Photos" */ = {
			isa = XCConfigurationList;
			buildConfigurations = (
				DC2B87CA2A7C2EF70033F8FE /* Debug */,
				DC2B87CB2A7C2EF70033F8FE /* Release */,
			);
			defaultConfigurationIsVisible = 0;
			defaultConfigurationName = Release;
		};
		DC2B87CC2A7C2EF70033F8FE /* Build configuration list for PBXNativeTarget "Astronomy Photos" */ = {
			isa = XCConfigurationList;
			buildConfigurations = (
				DC2B87CD2A7C2EF70033F8FE /* Debug */,
				DC2B87CE2A7C2EF70033F8FE /* Release */,
			);
			defaultConfigurationIsVisible = 0;
			defaultConfigurationName = Release;
		};
/* End XCConfigurationList section */
	};
	rootObject = DC2B87B02A7C2EF50033F8FE /* Project object */;
}
